
Microsoft Visual Studio Solution File, Format Version 12.00
# Visual Studio Version 17
VisualStudioVersion = 17.6.33723.286
MinimumVisualStudioVersion = 10.0.40219.1
Project("{FAE04EC0-301F-11D3-BF4B-00C04F79EFBC}") = "Listas", "Listas\Listas.csproj", "{ED855E9A-BCAC-4C99-80EF-854AA863E9B7}"
EndProject
Global
	GlobalSection(SolutionConfigurationPlatforms) = preSolution
		Debug|Any CPU = Debug|Any CPU
		Release|Any CPU = Release|Any CPU
	EndGlobalSection
	GlobalSection(ProjectConfigurationPlatforms) = postSolution
		{ED855E9A-BCAC-4C99-80EF-854AA863E9B7}.Debug|Any CPU.ActiveCfg = Debug|Any CPU
		{ED855E9A-BCAC-4C99-80EF-854AA863E9B7}.Debug|Any CPU.Build.0 = Debug|Any CPU
		{ED855E9A-BCAC-4C99-80EF-854AA863E9B7}.Release|Any CPU.ActiveCfg = Release|Any CPU
		{ED855E9A-BCAC-4C99-80EF-854AA863E9B7}.Release|Any CPU.Build.0 = Release|Any CPU
	EndGlobalSection
	GlobalSection(SolutionProperties) = preSolution
		HideSolutionNode = FALSE
	EndGlobalSection
	GlobalSection(ExtensibilityGlobals) = postSolution
		SolutionGuid = {64A58BB0-DF00-4CD6-873C-B5A60A6E5E6D}
	EndGlobalSection
EndGlobal
