
Microsoft Visual Studio Solution File, Format Version 12.00
# Visual Studio Version 17
VisualStudioVersion = 17.6.33723.286
MinimumVisualStudioVersion = 10.0.40219.1
Project("{9A19103F-16F7-4668-BE54-9A1E7A4F7556}") = "Exceptions", "Ex111\Exceptions.csproj", "{6774C8C1-1670-467F-9B0F-0CB95F169573}"
EndProject
Global
	GlobalSection(SolutionConfigurationPlatforms) = preSolution
		Debug|Any CPU = Debug|Any CPU
		Release|Any CPU = Release|Any CPU
	EndGlobalSection
	GlobalSection(ProjectConfigurationPlatforms) = postSolution
		{6774C8C1-1670-467F-9B0F-0CB95F169573}.Debug|Any CPU.ActiveCfg = Debug|Any CPU
		{6774C8C1-1670-467F-9B0F-0CB95F169573}.Debug|Any CPU.Build.0 = Debug|Any CPU
		{6774C8C1-1670-467F-9B0F-0CB95F169573}.Release|Any CPU.ActiveCfg = Release|Any CPU
		{6774C8C1-1670-467F-9B0F-0CB95F169573}.Release|Any CPU.Build.0 = Release|Any CPU
	EndGlobalSection
	GlobalSection(SolutionProperties) = preSolution
		HideSolutionNode = FALSE
	EndGlobalSection
	GlobalSection(ExtensibilityGlobals) = postSolution
		SolutionGuid = {B8566D43-C554-488E-9B8F-381A4A7AF88A}
	EndGlobalSection
EndGlobal
