
Microsoft Visual Studio Solution File, Format Version 12.00
# Visual Studio Version 17
VisualStudioVersion = 17.6.33723.286
MinimumVisualStudioVersion = 10.0.40219.1
Project("{FAE04EC0-301F-11D3-BF4B-00C04F79EFBC}") = "Interfaces", "Interfaces\Interfaces.csproj", "{C1125750-1DA9-432E-9D31-68F37931D8C6}"
EndProject
Global
	GlobalSection(SolutionConfigurationPlatforms) = preSolution
		Debug|Any CPU = Debug|Any CPU
		Release|Any CPU = Release|Any CPU
	EndGlobalSection
	GlobalSection(ProjectConfigurationPlatforms) = postSolution
		{C1125750-1DA9-432E-9D31-68F37931D8C6}.Debug|Any CPU.ActiveCfg = Debug|Any CPU
		{C1125750-1DA9-432E-9D31-68F37931D8C6}.Debug|Any CPU.Build.0 = Debug|Any CPU
		{C1125750-1DA9-432E-9D31-68F37931D8C6}.Release|Any CPU.ActiveCfg = Release|Any CPU
		{C1125750-1DA9-432E-9D31-68F37931D8C6}.Release|Any CPU.Build.0 = Release|Any CPU
	EndGlobalSection
	GlobalSection(SolutionProperties) = preSolution
		HideSolutionNode = FALSE
	EndGlobalSection
	GlobalSection(ExtensibilityGlobals) = postSolution
		SolutionGuid = {4E075343-FC10-48EE-BACA-088A2B1F0522}
	EndGlobalSection
EndGlobal
